
Microsoft Visual Studio Solution File, Format Version 12.00
# Visual Studio Version 17
VisualStudioVersion = 17.11.35327.3
MinimumVisualStudioVersion = 10.0.40219.1
Project("{FAE04EC0-301F-11D3-BF4B-00C04F79EFBC}") = "HouseInventory", "HouseInventory\HouseInventory.csproj", "{9A37961B-2203-4A2C-929F-B3512B645981}"
EndProject
Project("{FAE04EC0-301F-11D3-BF4B-00C04F79EFBC}") = "HomeInventoryApp.Tests", "HomeInventoryApp.Tests\HomeInventoryApp.Tests.csproj", "{F7D8EBE5-19A7-4308-9D41-9A9928362986}"
EndProject
Global
	GlobalSection(SolutionConfigurationPlatforms) = preSolution
		Debug|Any CPU = Debug|Any CPU
		Release|Any CPU = Release|Any CPU
	EndGlobalSection
	GlobalSection(ProjectConfigurationPlatforms) = postSolution
		{9A37961B-2203-4A2C-929F-B3512B645981}.Debug|Any CPU.ActiveCfg = Debug|Any CPU
		{9A37961B-2203-4A2C-929F-B3512B645981}.Debug|Any CPU.Build.0 = Debug|Any CPU
		{9A37961B-2203-4A2C-929F-B3512B645981}.Release|Any CPU.ActiveCfg = Release|Any CPU
		{9A37961B-2203-4A2C-929F-B3512B645981}.Release|Any CPU.Build.0 = Release|Any CPU
		{F7D8EBE5-19A7-4308-9D41-9A9928362986}.Debug|Any CPU.ActiveCfg = Debug|Any CPU
		{F7D8EBE5-19A7-4308-9D41-9A9928362986}.Debug|Any CPU.Build.0 = Debug|Any CPU
		{F7D8EBE5-19A7-4308-9D41-9A9928362986}.Release|Any CPU.ActiveCfg = Release|Any CPU
		{F7D8EBE5-19A7-4308-9D41-9A9928362986}.Release|Any CPU.Build.0 = Release|Any CPU
	EndGlobalSection
	GlobalSection(SolutionProperties) = preSolution
		HideSolutionNode = FALSE
	EndGlobalSection
	GlobalSection(ExtensibilityGlobals) = postSolution
		SolutionGuid = {B035D0BD-A7AE-4967-8254-B2804471C2FE}
	EndGlobalSection
EndGlobal
